
Microsoft Visual Studio Solution File, Format Version 12.00
# Visual Studio Version 17
VisualStudioVersion = 17.5.33424.131
MinimumVisualStudioVersion = 10.0.40219.1
Project("{FAE04EC0-301F-11D3-BF4B-00C04F79EFBC}") = "DXApplication1", "DXApplication1\DXApplication1.csproj", "{5B80C744-2C7D-486F-AF22-4C7B85B48DF2}"
EndProject
Project("{FAE04EC0-301F-11D3-BF4B-00C04F79EFBC}") = "ClassLibrary1", "ClassLibrary1\ClassLibrary1.csproj", "{EDCE49C9-5B7A-4765-9E01-8B44C8436B0E}"
EndProject
Global
	GlobalSection(SolutionConfigurationPlatforms) = preSolution
		Debug|Any CPU = Debug|Any CPU
		Release|Any CPU = Release|Any CPU
	EndGlobalSection
	GlobalSection(ProjectConfigurationPlatforms) = postSolution
		{5B80C744-2C7D-486F-AF22-4C7B85B48DF2}.Debug|Any CPU.ActiveCfg = Debug|Any CPU
		{5B80C744-2C7D-486F-AF22-4C7B85B48DF2}.Debug|Any CPU.Build.0 = Debug|Any CPU
		{5B80C744-2C7D-486F-AF22-4C7B85B48DF2}.Release|Any CPU.ActiveCfg = Release|Any CPU
		{5B80C744-2C7D-486F-AF22-4C7B85B48DF2}.Release|Any CPU.Build.0 = Release|Any CPU
		{EDCE49C9-5B7A-4765-9E01-8B44C8436B0E}.Debug|Any CPU.ActiveCfg = Debug|Any CPU
		{EDCE49C9-5B7A-4765-9E01-8B44C8436B0E}.Debug|Any CPU.Build.0 = Debug|Any CPU
		{EDCE49C9-5B7A-4765-9E01-8B44C8436B0E}.Release|Any CPU.ActiveCfg = Release|Any CPU
		{EDCE49C9-5B7A-4765-9E01-8B44C8436B0E}.Release|Any CPU.Build.0 = Release|Any CPU
	EndGlobalSection
	GlobalSection(SolutionProperties) = preSolution
		HideSolutionNode = FALSE
	EndGlobalSection
	GlobalSection(ExtensibilityGlobals) = postSolution
		SolutionGuid = {64BD0BCF-C67F-452F-982E-2B5B2ED1AB52}
	EndGlobalSection
EndGlobal
